// !$*UTF8*$!
{
	archiveVersion = 1;
	classes = {
	};
	objectVersion = 56;
	objects = {

/* Begin PBXBuildFile section */
		52004D322A84C0010093E17E /* AppDelegate.swift in Sources */ = {isa = PBXBuildFile; fileRef = 52004D312A84C0010093E17E /* AppDelegate.swift */; };
		52004D342A84C0010093E17E /* SceneDelegate.swift in Sources */ = {isa = PBXBuildFile; fileRef = 52004D332A84C0010093E17E /* SceneDelegate.swift */; };
		52004D362A84C0010093E17E /* ViewController.swift in Sources */ = {isa = PBXBuildFile; fileRef = 52004D352A84C0010093E17E /* ViewController.swift */; };
		52004D392A84C0010093E17E /* Main.storyboard in Resources */ = {isa = PBXBuildFile; fileRef = 52004D372A84C0010093E17E /* Main.storyboard */; };
		52004D3C2A84C0010093E17E /* CoreData__Practice.xcdatamodeld in Sources */ = {isa = PBXBuildFile; fileRef = 52004D3A2A84C0010093E17E /* CoreData__Practice.xcdatamodeld */; };
		52004D3E2A84C0020093E17E /* Assets.xcassets in Resources */ = {isa = PBXBuildFile; fileRef = 52004D3D2A84C0020093E17E /* Assets.xcassets */; };
		52004D412A84C0020093E17E /* LaunchScreen.storyboard in Resources */ = {isa = PBXBuildFile; fileRef = 52004D3F2A84C0020093E17E /* LaunchScreen.storyboard */; };
		52004D4E2A84CB1B0093E17E /* MemoData+CoreDataClass.swift in Sources */ = {isa = PBXBuildFile; fileRef = 52004D4C2A84CB1B0093E17E /* MemoData+CoreDataClass.swift */; };
		52004D4F2A84CB1B0093E17E /* MemoData+CoreDataProperties.swift in Sources */ = {isa = PBXBuildFile; fileRef = 52004D4D2A84CB1B0093E17E /* MemoData+CoreDataProperties.swift */; };
		52004D512A84CB4B0093E17E /* File.swift in Sources */ = {isa = PBXBuildFile; fileRef = 52004D502A84CB4B0093E17E /* File.swift */; };
		52004D532A84CB640093E17E /* MemoCoreData.swift in Sources */ = {isa = PBXBuildFile; fileRef = 52004D522A84CB640093E17E /* MemoCoreData.swift */; };
		52004D552A84DA030093E17E /* MemoCell.swift in Sources */ = {isa = PBXBuildFile; fileRef = 52004D542A84DA020093E17E /* MemoCell.swift */; };
		52004D572A84DA2A0093E17E /* EditController.swift in Sources */ = {isa = PBXBuildFile; fileRef = 52004D562A84DA2A0093E17E /* EditController.swift */; };
		525055F02A859FAB00FBD618 /* CompletionMemo+CoreDataClass.swift in Sources */ = {isa = PBXBuildFile; fileRef = 525055EE2A859FAB00FBD618 /* CompletionMemo+CoreDataClass.swift */; };
		525055F12A859FAB00FBD618 /* CompletionMemo+CoreDataProperties.swift in Sources */ = {isa = PBXBuildFile; fileRef = 525055EF2A859FAB00FBD618 /* CompletionMemo+CoreDataProperties.swift */; };
		525055F42A85A05300FBD618 /* CompletionMemoCoreData.swift in Sources */ = {isa = PBXBuildFile; fileRef = 525055F32A85A05300FBD618 /* CompletionMemoCoreData.swift */; };
		525055F62A85A92700FBD618 /* CompletionController.swift in Sources */ = {isa = PBXBuildFile; fileRef = 525055F52A85A92700FBD618 /* CompletionController.swift */; };
		525055F82A85A95100FBD618 /* CompletionCell.swift in Sources */ = {isa = PBXBuildFile; fileRef = 525055F72A85A95100FBD618 /* CompletionCell.swift */; };
/* End PBXBuildFile section */

/* Begin PBXFileReference section */
		52004D2E2A84C0010093E17E /* CoreData_ Practice.app */ = {isa = PBXFileReference; explicitFileType = wrapper.application; includeInIndex = 0; path = "CoreData_ Practice.app"; sourceTree = BUILT_PRODUCTS_DIR; };
		52004D312A84C0010093E17E /* AppDelegate.swift */ = {isa = PBXFileReference; lastKnownFileType = sourcecode.swift; path = AppDelegate.swift; sourceTree = "<group>"; };
		52004D332A84C0010093E17E /* SceneDelegate.swift */ = {isa = PBXFileReference; lastKnownFileType = sourcecode.swift; path = SceneDelegate.swift; sourceTree = "<group>"; };
		52004D352A84C0010093E17E /* ViewController.swift */ = {isa = PBXFileReference; lastKnownFileType = sourcecode.swift; path = ViewController.swift; sourceTree = "<group>"; };
		52004D382A84C0010093E17E /* Base */ = {isa = PBXFileReference; lastKnownFileType = file.storyboard; name = Base; path = Base.lproj/Main.storyboard; sourceTree = "<group>"; };
		52004D3B2A84C0010093E17E /* CoreData__Practice.xcdatamodel */ = {isa = PBXFileReference; lastKnownFileType = wrapper.xcdatamodel; path = CoreData__Practice.xcdatamodel; sourceTree = "<group>"; };
		52004D3D2A84C0020093E17E /* Assets.xcassets */ = {isa = PBXFileReference; lastKnownFileType = folder.assetcatalog; path = Assets.xcassets; sourceTree = "<group>"; };
		52004D402A84C0020093E17E /* Base */ = {isa = PBXFileReference; lastKnownFileType = file.storyboard; name = Base; path = Base.lproj/LaunchScreen.storyboard; sourceTree = "<group>"; };
		52004D422A84C0020093E17E /* Info.plist */ = {isa = PBXFileReference; lastKnownFileType = text.plist.xml; path = Info.plist; sourceTree = "<group>"; };
		52004D4C2A84CB1B0093E17E /* MemoData+CoreDataClass.swift */ = {isa = PBXFileReference; lastKnownFileType = sourcecode.swift; path = "MemoData+CoreDataClass.swift"; sourceTree = "<group>"; };
		52004D4D2A84CB1B0093E17E /* MemoData+CoreDataProperties.swift */ = {isa = PBXFileReference; lastKnownFileType = sourcecode.swift; path = "MemoData+CoreDataProperties.swift"; sourceTree = "<group>"; };
		52004D502A84CB4B0093E17E /* File.swift */ = {isa = PBXFileReference; lastKnownFileType = sourcecode.swift; path = File.swift; sourceTree = "<group>"; };
		52004D522A84CB640093E17E /* MemoCoreData.swift */ = {isa = PBXFileReference; lastKnownFileType = sourcecode.swift; path = MemoCoreData.swift; sourceTree = "<group>"; };
		52004D542A84DA020093E17E /* MemoCell.swift */ = {isa = PBXFileReference; lastKnownFileType = sourcecode.swift; path = MemoCell.swift; sourceTree = "<group>"; };
		52004D562A84DA2A0093E17E /* EditController.swift */ = {isa = PBXFileReference; lastKnownFileType = sourcecode.swift; path = EditController.swift; sourceTree = "<group>"; };
		525055EE2A859FAB00FBD618 /* CompletionMemo+CoreDataClass.swift */ = {isa = PBXFileReference; lastKnownFileType = sourcecode.swift; path = "CompletionMemo+CoreDataClass.swift"; sourceTree = "<group>"; };
		525055EF2A859FAB00FBD618 /* CompletionMemo+CoreDataProperties.swift */ = {isa = PBXFileReference; lastKnownFileType = sourcecode.swift; path = "CompletionMemo+CoreDataProperties.swift"; sourceTree = "<group>"; };
		525055F32A85A05300FBD618 /* CompletionMemoCoreData.swift */ = {isa = PBXFileReference; lastKnownFileType = sourcecode.swift; path = CompletionMemoCoreData.swift; sourceTree = "<group>"; };
		525055F52A85A92700FBD618 /* CompletionController.swift */ = {isa = PBXFileReference; lastKnownFileType = sourcecode.swift; path = CompletionController.swift; sourceTree = "<group>"; };
		525055F72A85A95100FBD618 /* CompletionCell.swift */ = {isa = PBXFileReference; lastKnownFileType = sourcecode.swift; path = CompletionCell.swift; sourceTree = "<group>"; };
/* End PBXFileReference section */

/* Begin PBXFrameworksBuildPhase section */
		52004D2B2A84C0010093E17E /* Frameworks */ = {
			isa = PBXFrameworksBuildPhase;
			buildActionMask = 2147483647;
			files = (
			);
			runOnlyForDeploymentPostprocessing = 0;
		};
/* End PBXFrameworksBuildPhase section */

/* Begin PBXGroup section */
		52004D252A84C0010093E17E = {
			isa = PBXGroup;
			children = (
				52004D302A84C0010093E17E /* CoreData_ Practice */,
				52004D2F2A84C0010093E17E /* Products */,
			);
			sourceTree = "<group>";
		};
		52004D2F2A84C0010093E17E /* Products */ = {
			isa = PBXGroup;
			children = (
				52004D2E2A84C0010093E17E /* CoreData_ Practice.app */,
			);
			name = Products;
			sourceTree = "<group>";
		};
		52004D302A84C0010093E17E /* CoreData_ Practice */ = {
			isa = PBXGroup;
			children = (
				52004D312A84C0010093E17E /* AppDelegate.swift */,
				52004D332A84C0010093E17E /* SceneDelegate.swift */,
				52004D4B2A84CADA0093E17E /* Helper */,
				525055F22A859FC600FBD618 /* Model(completion) */,
				52004D4A2A84CAD00093E17E /* Model(main) */,
				52004D492A84CACB0093E17E /* Views */,
				52004D482A84CAC10093E17E /* Controller */,
				52004D3D2A84C0020093E17E /* Assets.xcassets */,
				52004D3F2A84C0020093E17E /* LaunchScreen.storyboard */,
				52004D422A84C0020093E17E /* Info.plist */,
				52004D3A2A84C0010093E17E /* CoreData__Practice.xcdatamodeld */,
			);
			path = "CoreData_ Practice";
			sourceTree = "<group>";
		};
		52004D482A84CAC10093E17E /* Controller */ = {
			isa = PBXGroup;
			children = (
				52004D352A84C0010093E17E /* ViewController.swift */,
				52004D562A84DA2A0093E17E /* EditController.swift */,
				525055F52A85A92700FBD618 /* CompletionController.swift */,
			);
			path = Controller;
			sourceTree = "<group>";
		};
		52004D492A84CACB0093E17E /* Views */ = {
			isa = PBXGroup;
			children = (
				52004D372A84C0010093E17E /* Main.storyboard */,
				52004D542A84DA020093E17E /* MemoCell.swift */,
				525055F72A85A95100FBD618 /* CompletionCell.swift */,
			);
			path = Views;
			sourceTree = "<group>";
		};
		52004D4A2A84CAD00093E17E /* Model(main) */ = {
			isa = PBXGroup;
			children = (
				52004D4C2A84CB1B0093E17E /* MemoData+CoreDataClass.swift */,
				52004D4D2A84CB1B0093E17E /* MemoData+CoreDataProperties.swift */,
				52004D522A84CB640093E17E /* MemoCoreData.swift */,
			);
			path = "Model(main)";
			sourceTree = "<group>";
		};
		52004D4B2A84CADA0093E17E /* Helper */ = {
			isa = PBXGroup;
			children = (
				52004D502A84CB4B0093E17E /* File.swift */,
			);
			path = Helper;
			sourceTree = "<group>";
		};
		525055F22A859FC600FBD618 /* Model(completion) */ = {
			isa = PBXGroup;
			children = (
				525055EE2A859FAB00FBD618 /* CompletionMemo+CoreDataClass.swift */,
				525055EF2A859FAB00FBD618 /* CompletionMemo+CoreDataProperties.swift */,
				525055F32A85A05300FBD618 /* CompletionMemoCoreData.swift */,
			);
			path = "Model(completion)";
			sourceTree = "<group>";
		};
/* End PBXGroup section */

/* Begin PBXNativeTarget section */
		52004D2D2A84C0010093E17E /* CoreData_ Practice */ = {
			isa = PBXNativeTarget;
			buildConfigurationList = 52004D452A84C0020093E17E /* Build configuration list for PBXNativeTarget "CoreData_ Practice" */;
			buildPhases = (
				52004D2A2A84C0010093E17E /* Sources */,
				52004D2B2A84C0010093E17E /* Frameworks */,
				52004D2C2A84C0010093E17E /* Resources */,
			);
			buildRules = (
			);
			dependencies = (
			);
			name = "CoreData_ Practice";
			productName = "CoreData_ Practice";
			productReference = 52004D2E2A84C0010093E17E /* CoreData_ Practice.app */;
			productType = "com.apple.product-type.application";
		};
/* End PBXNativeTarget section */

/* Begin PBXProject section */
		52004D262A84C0010093E17E /* Project object */ = {
			isa = PBXProject;
			attributes = {
				BuildIndependentTargetsInParallel = 1;
				LastSwiftUpdateCheck = 1430;
				LastUpgradeCheck = 1430;
				TargetAttributes = {
					52004D2D2A84C0010093E17E = {
						CreatedOnToolsVersion = 14.3.1;
					};
				};
			};
			buildConfigurationList = 52004D292A84C0010093E17E /* Build configuration list for PBXProject "CoreData_ Practice" */;
			compatibilityVersion = "Xcode 14.0";
			developmentRegion = en;
			hasScannedForEncodings = 0;
			knownRegions = (
				en,
				Base,
			);
			mainGroup = 52004D252A84C0010093E17E;
			productRefGroup = 52004D2F2A84C0010093E17E /* Products */;
			projectDirPath = "";
			projectRoot = "";
			targets = (
				52004D2D2A84C0010093E17E /* CoreData_ Practice */,
			);
		};
/* End PBXProject section */

/* Begin PBXResourcesBuildPhase section */
		52004D2C2A84C0010093E17E /* Resources */ = {
			isa = PBXResourcesBuildPhase;
			buildActionMask = 2147483647;
			files = (
				52004D412A84C0020093E17E /* LaunchScreen.storyboard in Resources */,
				52004D3E2A84C0020093E17E /* Assets.xcassets in Resources */,
				52004D392A84C0010093E17E /* Main.storyboard in Resources */,
			);
			runOnlyForDeploymentPostprocessing = 0;
		};
/* End PBXResourcesBuildPhase section */

/* Begin PBXSourcesBuildPhase section */
		52004D2A2A84C0010093E17E /* Sources */ = {
			isa = PBXSourcesBuildPhase;
			buildActionMask = 2147483647;
			files = (
				52004D362A84C0010093E17E /* ViewController.swift in Sources */,
				52004D4E2A84CB1B0093E17E /* MemoData+CoreDataClass.swift in Sources */,
				52004D512A84CB4B0093E17E /* File.swift in Sources */,
				52004D322A84C0010093E17E /* AppDelegate.swift in Sources */,
				52004D4F2A84CB1B0093E17E /* MemoData+CoreDataProperties.swift in Sources */,
				525055F62A85A92700FBD618 /* CompletionController.swift in Sources */,
				525055F42A85A05300FBD618 /* CompletionMemoCoreData.swift in Sources */,
				525055F82A85A95100FBD618 /* CompletionCell.swift in Sources */,
				525055F12A859FAB00FBD618 /* CompletionMemo+CoreDataProperties.swift in Sources */,
				52004D572A84DA2A0093E17E /* EditController.swift in Sources */,
				52004D342A84C0010093E17E /* SceneDelegate.swift in Sources */,
				525055F02A859FAB00FBD618 /* CompletionMemo+CoreDataClass.swift in Sources */,
				52004D532A84CB640093E17E /* MemoCoreData.swift in Sources */,
				52004D3C2A84C0010093E17E /* CoreData__Practice.xcdatamodeld in Sources */,
				52004D552A84DA030093E17E /* MemoCell.swift in Sources */,
			);
			runOnlyForDeploymentPostprocessing = 0;
		};
/* End PBXSourcesBuildPhase section */

/* Begin PBXVariantGroup section */
		52004D372A84C0010093E17E /* Main.storyboard */ = {
			isa = PBXVariantGroup;
			children = (
				52004D382A84C0010093E17E /* Base */,
			);
			name = Main.storyboard;
			sourceTree = "<group>";
		};
		52004D3F2A84C0020093E17E /* LaunchScreen.storyboard */ = {
			isa = PBXVariantGroup;
			children = (
				52004D402A84C0020093E17E /* Base */,
			);
			name = LaunchScreen.storyboard;
			sourceTree = "<group>";
		};
/* End PBXVariantGroup section */

/* Begin XCBuildConfiguration section */
		52004D432A84C0020093E17E /* Debug */ = {
			isa = XCBuildConfiguration;
			buildSettings = {
				ALWAYS_SEARCH_USER_PATHS = NO;
				CLANG_ANALYZER_NONNULL = YES;
				CLANG_ANALYZER_NUMBER_OBJECT_CONVERSION = YES_AGGRESSIVE;
				CLANG_CXX_LANGUAGE_STANDARD = "gnu++20";
				CLANG_ENABLE_MODULES = YES;
				CLANG_ENABLE_OBJC_ARC = YES;
				CLANG_ENABLE_OBJC_WEAK = YES;
				CLANG_WARN_BLOCK_CAPTURE_AUTORELEASING = YES;
				CLANG_WARN_BOOL_CONVERSION = YES;
				CLANG_WARN_COMMA = YES;
				CLANG_WARN_CONSTANT_CONVERSION = YES;
				CLANG_WARN_DEPRECATED_OBJC_IMPLEMENTATIONS = YES;
				CLANG_WARN_DIRECT_OBJC_ISA_USAGE = YES_ERROR;
				CLANG_WARN_DOCUMENTATION_COMMENTS = YES;
				CLANG_WARN_EMPTY_BODY = YES;
				CLANG_WARN_ENUM_CONVERSION = YES;
				CLANG_WARN_INFINITE_RECURSION = YES;
				CLANG_WARN_INT_CONVERSION = YES;
				CLANG_WARN_NON_LITERAL_NULL_CONVERSION = YES;
				CLANG_WARN_OBJC_IMPLICIT_RETAIN_SELF = YES;
				CLANG_WARN_OBJC_LITERAL_CONVERSION = YES;
				CLANG_WARN_OBJC_ROOT_CLASS = YES_ERROR;
				CLANG_WARN_QUOTED_INCLUDE_IN_FRAMEWORK_HEADER = YES;
				CLANG_WARN_RANGE_LOOP_ANALYSIS = YES;
				CLANG_WARN_STRICT_PROTOTYPES = YES;
				CLANG_WARN_SUSPICIOUS_MOVE = YES;
				CLANG_WARN_UNGUARDED_AVAILABILITY = YES_AGGRESSIVE;
				CLANG_WARN_UNREACHABLE_CODE = YES;
				CLANG_WARN__DUPLICATE_METHOD_MATCH = YES;
				COPY_PHASE_STRIP = NO;
				DEBUG_INFORMATION_FORMAT = dwarf;
				ENABLE_STRICT_OBJC_MSGSEND = YES;
				ENABLE_TESTABILITY = YES;
				GCC_C_LANGUAGE_STANDARD = gnu11;
				GCC_DYNAMIC_NO_PIC = NO;
				GCC_NO_COMMON_BLOCKS = YES;
				GCC_OPTIMIZATION_LEVEL = 0;
				GCC_PREPROCESSOR_DEFINITIONS = (
					"DEBUG=1",
					"$(inherited)",
				);
				GCC_WARN_64_TO_32_BIT_CONVERSION = YES;
				GCC_WARN_ABOUT_RETURN_TYPE = YES_ERROR;
				GCC_WARN_UNDECLARED_SELECTOR = YES;
				GCC_WARN_UNINITIALIZED_AUTOS = YES_AGGRESSIVE;
				GCC_WARN_UNUSED_FUNCTION = YES;
				GCC_WARN_UNUSED_VARIABLE = YES;
				IPHONEOS_DEPLOYMENT_TARGET = 16.4;
				MTL_ENABLE_DEBUG_INFO = INCLUDE_SOURCE;
				MTL_FAST_MATH = YES;
				ONLY_ACTIVE_ARCH = YES;
				SDKROOT = iphoneos;
				SWIFT_ACTIVE_COMPILATION_CONDITIONS = DEBUG;
				SWIFT_OPTIMIZATION_LEVEL = "-Onone";
			};
			name = Debug;
		};
		52004D442A84C0020093E17E /* Release */ = {
			isa = XCBuildConfiguration;
			buildSettings = {
				ALWAYS_SEARCH_USER_PATHS = NO;
				CLANG_ANALYZER_NONNULL = YES;
				CLANG_ANALYZER_NUMBER_OBJECT_CONVERSION = YES_AGGRESSIVE;
				CLANG_CXX_LANGUAGE_STANDARD = "gnu++20";
				CLANG_ENABLE_MODULES = YES;
				CLANG_ENABLE_OBJC_ARC = YES;
				CLANG_ENABLE_OBJC_WEAK = YES;
				CLANG_WARN_BLOCK_CAPTURE_AUTORELEASING = YES;
				CLANG_WARN_BOOL_CONVERSION = YES;
				CLANG_WARN_COMMA = YES;
				CLANG_WARN_CONSTANT_CONVERSION = YES;
				CLANG_WARN_DEPRECATED_OBJC_IMPLEMENTATIONS = YES;
				CLANG_WARN_DIRECT_OBJC_ISA_USAGE = YES_ERROR;
				CLANG_WARN_DOCUMENTATION_COMMENTS = YES;
				CLANG_WARN_EMPTY_BODY = YES;
				CLANG_WARN_ENUM_CONVERSION = YES;
				CLANG_WARN_INFINITE_RECURSION = YES;
				CLANG_WARN_INT_CONVERSION = YES;
				CLANG_WARN_NON_LITERAL_NULL_CONVERSION = YES;
				CLANG_WARN_OBJC_IMPLICIT_RETAIN_SELF = YES;
				CLANG_WARN_OBJC_LITERAL_CONVERSION = YES;
				CLANG_WARN_OBJC_ROOT_CLASS = YES_ERROR;
				CLANG_WARN_QUOTED_INCLUDE_IN_FRAMEWORK_HEADER = YES;
				CLANG_WARN_RANGE_LOOP_ANALYSIS = YES;
				CLANG_WARN_STRICT_PROTOTYPES = YES;
				CLANG_WARN_SUSPICIOUS_MOVE = YES;
				CLANG_WARN_UNGUARDED_AVAILABILITY = YES_AGGRESSIVE;
				CLANG_WARN_UNREACHABLE_CODE = YES;
				CLANG_WARN__DUPLICATE_METHOD_MATCH = YES;
				COPY_PHASE_STRIP = NO;
				DEBUG_INFORMATION_FORMAT = "dwarf-with-dsym";
				ENABLE_NS_ASSERTIONS = NO;
				ENABLE_STRICT_OBJC_MSGSEND = YES;
				GCC_C_LANGUAGE_STANDARD = gnu11;
				GCC_NO_COMMON_BLOCKS = YES;
				GCC_WARN_64_TO_32_BIT_CONVERSION = YES;
				GCC_WARN_ABOUT_RETURN_TYPE = YES_ERROR;
				GCC_WARN_UNDECLARED_SELECTOR = YES;
				GCC_WARN_UNINITIALIZED_AUTOS = YES_AGGRESSIVE;
				GCC_WARN_UNUSED_FUNCTION = YES;
				GCC_WARN_UNUSED_VARIABLE = YES;
				IPHONEOS_DEPLOYMENT_TARGET = 16.4;
				MTL_ENABLE_DEBUG_INFO = NO;
				MTL_FAST_MATH = YES;
				SDKROOT = iphoneos;
				SWIFT_COMPILATION_MODE = wholemodule;
				SWIFT_OPTIMIZATION_LEVEL = "-O";
				VALIDATE_PRODUCT = YES;
			};
			name = Release;
		};
		52004D462A84C0020093E17E /* Debug */ = {
			isa = XCBuildConfiguration;
			buildSettings = {
				ASSETCATALOG_COMPILER_APPICON_NAME = AppIcon;
				ASSETCATALOG_COMPILER_GLOBAL_ACCENT_COLOR_NAME = AccentColor;
				CODE_SIGN_STYLE = Automatic;
				CURRENT_PROJECT_VERSION = 1;
				GENERATE_INFOPLIST_FILE = YES;
				INFOPLIST_FILE = "CoreData_ Practice/Info.plist";
				INFOPLIST_KEY_UIApplicationSupportsIndirectInputEvents = YES;
				INFOPLIST_KEY_UILaunchStoryboardName = LaunchScreen;
				INFOPLIST_KEY_UIMainStoryboardFile = Main;
				INFOPLIST_KEY_UISupportedInterfaceOrientations_iPad = "UIInterfaceOrientationLandscapeLeft UIInterfaceOrientationLandscapeRight UIInterfaceOrientationPortrait UIInterfaceOrientationPortraitUpsideDown";
				IPHONEOS_DEPLOYMENT_TARGET = 14.0;
				LD_RUNPATH_SEARCH_PATHS = (
					"$(inherited)",
					"@executable_path/Frameworks",
				);
				MARKETING_VERSION = 1.0;
				PRODUCT_BUNDLE_IDENTIFIER = "com.allenSchool.CoreData--Practice";
				PRODUCT_NAME = "$(TARGET_NAME)";
				SUPPORTED_PLATFORMS = "iphoneos iphonesimulator";
				SUPPORTS_MACCATALYST = NO;
				SUPPORTS_MAC_DESIGNED_FOR_IPHONE_IPAD = NO;
				SWIFT_EMIT_LOC_STRINGS = YES;
				SWIFT_VERSION = 5.0;
				TARGETED_DEVICE_FAMILY = 1;
			};
			name = Debug;
		};
		52004D472A84C0020093E17E /* Release */ = {
			isa = XCBuildConfiguration;
			buildSettings = {
				ASSETCATALOG_COMPILER_APPICON_NAME = AppIcon;
				ASSETCATALOG_COMPILER_GLOBAL_ACCENT_COLOR_NAME = AccentColor;
				CODE_SIGN_STYLE = Automatic;
				CURRENT_PROJECT_VERSION = 1;
				GENERATE_INFOPLIST_FILE = YES;
				INFOPLIST_FILE = "CoreData_ Practice/Info.plist";
				INFOPLIST_KEY_UIApplicationSupportsIndirectInputEvents = YES;
				INFOPLIST_KEY_UILaunchStoryboardName = LaunchScreen;
				INFOPLIST_KEY_UIMainStoryboardFile = Main;
				INFOPLIST_KEY_UISupportedInterfaceOrientations_iPad = "UIInterfaceOrientationLandscapeLeft UIInterfaceOrientationLandscapeRight UIInterfaceOrientationPortrait UIInterfaceOrientationPortraitUpsideDown";
				IPHONEOS_DEPLOYMENT_TARGET = 14.0;
				LD_RUNPATH_SEARCH_PATHS = (
					"$(inherited)",
					"@executable_path/Frameworks",
				);
				MARKETING_VERSION = 1.0;
				PRODUCT_BUNDLE_IDENTIFIER = "com.allenSchool.CoreData--Practice";
				PRODUCT_NAME = "$(TARGET_NAME)";
				SUPPORTED_PLATFORMS = "iphoneos iphonesimulator";
				SUPPORTS_MACCATALYST = NO;
				SUPPORTS_MAC_DESIGNED_FOR_IPHONE_IPAD = NO;
				SWIFT_EMIT_LOC_STRINGS = YES;
				SWIFT_VERSION = 5.0;
				TARGETED_DEVICE_FAMILY = 1;
			};
			name = Release;
		};
/* End XCBuildConfiguration section */

/* Begin XCConfigurationList section */
		52004D292A84C0010093E17E /* Build configuration list for PBXProject "CoreData_ Practice" */ = {
			isa = XCConfigurationList;
			buildConfigurations = (
				52004D432A84C0020093E17E /* Debug */,
				52004D442A84C0020093E17E /* Release */,
			);
			defaultConfigurationIsVisible = 0;
			defaultConfigurationName = Release;
		};
		52004D452A84C0020093E17E /* Build configuration list for PBXNativeTarget "CoreData_ Practice" */ = {
			isa = XCConfigurationList;
			buildConfigurations = (
				52004D462A84C0020093E17E /* Debug */,
				52004D472A84C0020093E17E /* Release */,
			);
			defaultConfigurationIsVisible = 0;
			defaultConfigurationName = Release;
		};
/* End XCConfigurationList section */

/* Begin XCVersionGroup section */
		52004D3A2A84C0010093E17E /* CoreData__Practice.xcdatamodeld */ = {
			isa = XCVersionGroup;
			children = (
				52004D3B2A84C0010093E17E /* CoreData__Practice.xcdatamodel */,
			);
			currentVersion = 52004D3B2A84C0010093E17E /* CoreData__Practice.xcdatamodel */;
			path = CoreData__Practice.xcdatamodeld;
			sourceTree = "<group>";
			versionGroupType = wrapper.xcdatamodel;
		};
/* End XCVersionGroup section */
	};
	rootObject = 52004D262A84C0010093E17E /* Project object */;
}
